{
  "requires": true,
  "lockfileVersion": 1,
  "dependencies": {
    "coc-python": {
      "version": "1.2.12",
      "resolved": "https://registry.npmjs.org/coc-python/-/coc-python-1.2.12.tgz",
      "integrity": "sha512-cwZ/uIJT5id6zwBE6RWC/HcGy7uw2hLjC0OyvcjFzidazH73e3fQBBoEMJNtLKgPuAJfNjo4BPu+cDsCSAkCAw=="
    },
    "coc-rls": {
      "version": "1.1.5",
      "resolved": "https://registry.npmjs.org/coc-rls/-/coc-rls-1.1.5.tgz",
      "integrity": "sha512-JXM7iLC1rlu7IsnGp7Rwt4sCtnaAQdQQ+brC/HhAWApOZjazPclSs+/IwPqot9fwcitjE0me7BiEyErx07qyFw=="
    }
  }
}
